
Microsoft Visual Studio Solution File, Format Version 12.00
# Visual Studio Version 16
VisualStudioVersion = 16.0.28729.10
MinimumVisualStudioVersion = 10.0.40219.1
Project("{FAE04EC0-301F-11D3-BF4B-00C04F79EFBC}") = "WindowsFormsApp1Pound To Kilogram Converter", "WindowsFormsApp1Pound To Kilogram Converter\WindowsFormsApp1Pound To Kilogram Converter.csproj", "{57EFC853-94B2-405C-8A5D-D14394BAC7EA}"
EndProject
Global
	GlobalSection(SolutionConfigurationPlatforms) = preSolution
		Debug|Any CPU = Debug|Any CPU
		Release|Any CPU = Release|Any CPU
	EndGlobalSection
	GlobalSection(ProjectConfigurationPlatforms) = postSolution
		{57EFC853-94B2-405C-8A5D-D14394BAC7EA}.Debug|Any CPU.ActiveCfg = Debug|Any CPU
		{57EFC853-94B2-405C-8A5D-D14394BAC7EA}.Debug|Any CPU.Build.0 = Debug|Any CPU
		{57EFC853-94B2-405C-8A5D-D14394BAC7EA}.Release|Any CPU.ActiveCfg = Release|Any CPU
		{57EFC853-94B2-405C-8A5D-D14394BAC7EA}.Release|Any CPU.Build.0 = Release|Any CPU
	EndGlobalSection
	GlobalSection(SolutionProperties) = preSolution
		HideSolutionNode = FALSE
	EndGlobalSection
	GlobalSection(ExtensibilityGlobals) = postSolution
		SolutionGuid = {517C5F45-1BAC-45FE-8AE2-F8BE00565EDB}
	EndGlobalSection
EndGlobal
